
Microsoft Visual Studio Solution File, Format Version 12.00
# Visual Studio Version 17
VisualStudioVersion = 17.13.35931.197
MinimumVisualStudioVersion = 10.0.40219.1
Project("{8BC9CEB8-8B4A-11D0-8D11-00A0C91BC942}") = "cpp20", "cpp20\cpp20.vcxproj", "{429BF0DC-6988-4484-B46A-B80FDF8B8E84}"
EndProject
Project("{8BC9CEB8-8B4A-11D0-8D11-00A0C91BC942}") = "go_type_interface", "go_type_interface\go_type_interface.vcxproj", "{9128C19B-A519-45C8-A9EA-2660A6D76E40}"
EndProject
Project("{8BC9CEB8-8B4A-11D0-8D11-00A0C91BC942}") = "cast", "cast\cast.vcxproj", "{41B0C78D-2503-48E9-8577-2BF5FCC093A3}"
EndProject
Project("{8BC9CEB8-8B4A-11D0-8D11-00A0C91BC942}") = "coroutine", "coroutine\coroutine.vcxproj", "{F9D5D724-8F07-4ACA-942A-8E6B7E547DD3}"
EndProject
Project("{8BC9CEB8-8B4A-11D0-8D11-00A0C91BC942}") = "future", "future\future.vcxproj", "{3A930EC3-9BAD-493C-87B7-D6AEE0AEFCD2}"
EndProject
Global
	GlobalSection(SolutionConfigurationPlatforms) = preSolution
		Debug|x64 = Debug|x64
		Debug|x86 = Debug|x86
		Release|x64 = Release|x64
		Release|x86 = Release|x86
	EndGlobalSection
	GlobalSection(ProjectConfigurationPlatforms) = postSolution
		{429BF0DC-6988-4484-B46A-B80FDF8B8E84}.Debug|x64.ActiveCfg = Debug|x64
		{429BF0DC-6988-4484-B46A-B80FDF8B8E84}.Debug|x64.Build.0 = Debug|x64
		{429BF0DC-6988-4484-B46A-B80FDF8B8E84}.Debug|x86.ActiveCfg = Debug|Win32
		{429BF0DC-6988-4484-B46A-B80FDF8B8E84}.Debug|x86.Build.0 = Debug|Win32
		{429BF0DC-6988-4484-B46A-B80FDF8B8E84}.Release|x64.ActiveCfg = Release|x64
		{429BF0DC-6988-4484-B46A-B80FDF8B8E84}.Release|x64.Build.0 = Release|x64
		{429BF0DC-6988-4484-B46A-B80FDF8B8E84}.Release|x86.ActiveCfg = Release|Win32
		{429BF0DC-6988-4484-B46A-B80FDF8B8E84}.Release|x86.Build.0 = Release|Win32
		{9128C19B-A519-45C8-A9EA-2660A6D76E40}.Debug|x64.ActiveCfg = Debug|x64
		{9128C19B-A519-45C8-A9EA-2660A6D76E40}.Debug|x64.Build.0 = Debug|x64
		{9128C19B-A519-45C8-A9EA-2660A6D76E40}.Debug|x86.ActiveCfg = Debug|Win32
		{9128C19B-A519-45C8-A9EA-2660A6D76E40}.Debug|x86.Build.0 = Debug|Win32
		{9128C19B-A519-45C8-A9EA-2660A6D76E40}.Release|x64.ActiveCfg = Release|x64
		{9128C19B-A519-45C8-A9EA-2660A6D76E40}.Release|x64.Build.0 = Release|x64
		{9128C19B-A519-45C8-A9EA-2660A6D76E40}.Release|x86.ActiveCfg = Release|Win32
		{9128C19B-A519-45C8-A9EA-2660A6D76E40}.Release|x86.Build.0 = Release|Win32
		{41B0C78D-2503-48E9-8577-2BF5FCC093A3}.Debug|x64.ActiveCfg = Debug|x64
		{41B0C78D-2503-48E9-8577-2BF5FCC093A3}.Debug|x64.Build.0 = Debug|x64
		{41B0C78D-2503-48E9-8577-2BF5FCC093A3}.Debug|x86.ActiveCfg = Debug|Win32
		{41B0C78D-2503-48E9-8577-2BF5FCC093A3}.Debug|x86.Build.0 = Debug|Win32
		{41B0C78D-2503-48E9-8577-2BF5FCC093A3}.Release|x64.ActiveCfg = Release|x64
		{41B0C78D-2503-48E9-8577-2BF5FCC093A3}.Release|x64.Build.0 = Release|x64
		{41B0C78D-2503-48E9-8577-2BF5FCC093A3}.Release|x86.ActiveCfg = Release|Win32
		{41B0C78D-2503-48E9-8577-2BF5FCC093A3}.Release|x86.Build.0 = Release|Win32
		{F9D5D724-8F07-4ACA-942A-8E6B7E547DD3}.Debug|x64.ActiveCfg = Debug|x64
		{F9D5D724-8F07-4ACA-942A-8E6B7E547DD3}.Debug|x64.Build.0 = Debug|x64
		{F9D5D724-8F07-4ACA-942A-8E6B7E547DD3}.Debug|x86.ActiveCfg = Debug|Win32
		{F9D5D724-8F07-4ACA-942A-8E6B7E547DD3}.Debug|x86.Build.0 = Debug|Win32
		{F9D5D724-8F07-4ACA-942A-8E6B7E547DD3}.Release|x64.ActiveCfg = Release|x64
		{F9D5D724-8F07-4ACA-942A-8E6B7E547DD3}.Release|x64.Build.0 = Release|x64
		{F9D5D724-8F07-4ACA-942A-8E6B7E547DD3}.Release|x86.ActiveCfg = Release|Win32
		{F9D5D724-8F07-4ACA-942A-8E6B7E547DD3}.Release|x86.Build.0 = Release|Win32
		{3A930EC3-9BAD-493C-87B7-D6AEE0AEFCD2}.Debug|x64.ActiveCfg = Debug|x64
		{3A930EC3-9BAD-493C-87B7-D6AEE0AEFCD2}.Debug|x64.Build.0 = Debug|x64
		{3A930EC3-9BAD-493C-87B7-D6AEE0AEFCD2}.Debug|x86.ActiveCfg = Debug|Win32
		{3A930EC3-9BAD-493C-87B7-D6AEE0AEFCD2}.Debug|x86.Build.0 = Debug|Win32
		{3A930EC3-9BAD-493C-87B7-D6AEE0AEFCD2}.Release|x64.ActiveCfg = Release|x64
		{3A930EC3-9BAD-493C-87B7-D6AEE0AEFCD2}.Release|x64.Build.0 = Release|x64
		{3A930EC3-9BAD-493C-87B7-D6AEE0AEFCD2}.Release|x86.ActiveCfg = Release|Win32
		{3A930EC3-9BAD-493C-87B7-D6AEE0AEFCD2}.Release|x86.Build.0 = Release|Win32
	EndGlobalSection
	GlobalSection(SolutionProperties) = preSolution
		HideSolutionNode = FALSE
	EndGlobalSection
	GlobalSection(ExtensibilityGlobals) = postSolution
		SolutionGuid = {B14C42B4-AD6E-4571-803F-38670426D42A}
	EndGlobalSection
EndGlobal
